
Microsoft Visual Studio Solution File, Format Version 12.00
# Visual Studio Version 17
VisualStudioVersion = 17.5.002.0
MinimumVisualStudioVersion = 10.0.40219.1
Project("{9A19103F-16F7-4668-BE54-9A1E7A4F7556}") = "TechMed.Domain", "TechMed.Domain\TechMed.Domain.csproj", "{EBB861FF-2CF1-4156-8239-21475BD6CB8B}"
EndProject
Project("{FAE04EC0-301F-11D3-BF4B-00C04F79EFBC}") = "TechMed.Infrastructure", "TechMed.Infrastructure\TechMed.Infrastructure.csproj", "{8D3C0D51-783F-41EB-8759-467E03167BA0}"
EndProject
Global
	GlobalSection(SolutionConfigurationPlatforms) = preSolution
		Debug|Any CPU = Debug|Any CPU
		Release|Any CPU = Release|Any CPU
	EndGlobalSection
	GlobalSection(ProjectConfigurationPlatforms) = postSolution
		{EBB861FF-2CF1-4156-8239-21475BD6CB8B}.Debug|Any CPU.ActiveCfg = Debug|Any CPU
		{EBB861FF-2CF1-4156-8239-21475BD6CB8B}.Debug|Any CPU.Build.0 = Debug|Any CPU
		{EBB861FF-2CF1-4156-8239-21475BD6CB8B}.Release|Any CPU.ActiveCfg = Release|Any CPU
		{EBB861FF-2CF1-4156-8239-21475BD6CB8B}.Release|Any CPU.Build.0 = Release|Any CPU
		{8D3C0D51-783F-41EB-8759-467E03167BA0}.Debug|Any CPU.ActiveCfg = Debug|Any CPU
		{8D3C0D51-783F-41EB-8759-467E03167BA0}.Debug|Any CPU.Build.0 = Debug|Any CPU
		{8D3C0D51-783F-41EB-8759-467E03167BA0}.Release|Any CPU.ActiveCfg = Release|Any CPU
		{8D3C0D51-783F-41EB-8759-467E03167BA0}.Release|Any CPU.Build.0 = Release|Any CPU
	EndGlobalSection
	GlobalSection(SolutionProperties) = preSolution
		HideSolutionNode = FALSE
	EndGlobalSection
	GlobalSection(ExtensibilityGlobals) = postSolution
		SolutionGuid = {FBC74706-988F-49C7-9479-A35EE8791444}
	EndGlobalSection
EndGlobal
