
Microsoft Visual Studio Solution File, Format Version 12.00
# Visual Studio Version 17
VisualStudioVersion = 17.0.31903.59
MinimumVisualStudioVersion = 10.0.40219.1
Project("{9A19103F-16F7-4668-BE54-9A1E7A4F7556}") = "BarberApp.Domain", "BarberApp.Domain\BarberApp.Domain.csproj", "{972C37BC-3E74-4EFB-82D4-5C34386B3F04}"
EndProject
Project("{9A19103F-16F7-4668-BE54-9A1E7A4F7556}") = "BaberApp.Persistence", "BaberApp.Persistence\BaberApp.Persistence.csproj", "{AF1A5BBD-209F-4584-922D-CFA2C80E7057}"
EndProject
Project("{FAE04EC0-301F-11D3-BF4B-00C04F79EFBC}") = "BaberApp.Service", "BaberApp.Service\BaberApp.Service.csproj", "{D7055FEA-8738-44CD-BF6F-8E9EDA71750E}"
EndProject
Global
	GlobalSection(SolutionConfigurationPlatforms) = preSolution
		Debug|Any CPU = Debug|Any CPU
		Release|Any CPU = Release|Any CPU
	EndGlobalSection
	GlobalSection(ProjectConfigurationPlatforms) = postSolution
		{972C37BC-3E74-4EFB-82D4-5C34386B3F04}.Debug|Any CPU.ActiveCfg = Debug|Any CPU
		{972C37BC-3E74-4EFB-82D4-5C34386B3F04}.Debug|Any CPU.Build.0 = Debug|Any CPU
		{972C37BC-3E74-4EFB-82D4-5C34386B3F04}.Release|Any CPU.ActiveCfg = Release|Any CPU
		{972C37BC-3E74-4EFB-82D4-5C34386B3F04}.Release|Any CPU.Build.0 = Release|Any CPU
		{AF1A5BBD-209F-4584-922D-CFA2C80E7057}.Debug|Any CPU.ActiveCfg = Debug|Any CPU
		{AF1A5BBD-209F-4584-922D-CFA2C80E7057}.Debug|Any CPU.Build.0 = Debug|Any CPU
		{AF1A5BBD-209F-4584-922D-CFA2C80E7057}.Release|Any CPU.ActiveCfg = Release|Any CPU
		{AF1A5BBD-209F-4584-922D-CFA2C80E7057}.Release|Any CPU.Build.0 = Release|Any CPU
		{D7055FEA-8738-44CD-BF6F-8E9EDA71750E}.Debug|Any CPU.ActiveCfg = Debug|Any CPU
		{D7055FEA-8738-44CD-BF6F-8E9EDA71750E}.Debug|Any CPU.Build.0 = Debug|Any CPU
		{D7055FEA-8738-44CD-BF6F-8E9EDA71750E}.Release|Any CPU.ActiveCfg = Release|Any CPU
		{D7055FEA-8738-44CD-BF6F-8E9EDA71750E}.Release|Any CPU.Build.0 = Release|Any CPU
	EndGlobalSection
	GlobalSection(SolutionProperties) = preSolution
		HideSolutionNode = FALSE
	EndGlobalSection
	GlobalSection(ExtensibilityGlobals) = postSolution
		SolutionGuid = {438ED2A9-320F-4043-AD12-AB215E814791}
	EndGlobalSection
EndGlobal
