
Microsoft Visual Studio Solution File, Format Version 12.00
# Visual Studio Version 17
VisualStudioVersion = 17.5.002.0
MinimumVisualStudioVersion = 10.0.40219.1
Project("{9A19103F-16F7-4668-BE54-9A1E7A4F7556}") = "HabilityCount", "HabilityCount.csproj", "{B919FFFA-A1E4-44E3-9EB8-E245224D7C24}"
EndProject
Global
	GlobalSection(SolutionConfigurationPlatforms) = preSolution
		Debug|Any CPU = Debug|Any CPU
		Release|Any CPU = Release|Any CPU
	EndGlobalSection
	GlobalSection(ProjectConfigurationPlatforms) = postSolution
		{B919FFFA-A1E4-44E3-9EB8-E245224D7C24}.Debug|Any CPU.ActiveCfg = Debug|Any CPU
		{B919FFFA-A1E4-44E3-9EB8-E245224D7C24}.Debug|Any CPU.Build.0 = Debug|Any CPU
		{B919FFFA-A1E4-44E3-9EB8-E245224D7C24}.Release|Any CPU.ActiveCfg = Release|Any CPU
		{B919FFFA-A1E4-44E3-9EB8-E245224D7C24}.Release|Any CPU.Build.0 = Release|Any CPU
	EndGlobalSection
	GlobalSection(SolutionProperties) = preSolution
		HideSolutionNode = FALSE
	EndGlobalSection
	GlobalSection(ExtensibilityGlobals) = postSolution
		SolutionGuid = {D5D5FCF2-099A-47EC-8537-72111F6B8047}
	EndGlobalSection
EndGlobal
